
Microsoft Visual Studio Solution File, Format Version 11.00
# Visual Studio 2010
Project("{F184B08F-C81C-45F6-A57F-5ABD9991F28F}") = "AplikasiPendaftaranMaba", "AplikasiPendaftaranMaba\AplikasiPendaftaranMaba.vbproj", "{D635B608-8E49-4164-9727-C6ECAAC97469}"
EndProject
Global
	GlobalSection(SolutionConfigurationPlatforms) = preSolution
		Debug|x86 = Debug|x86
		Release|x86 = Release|x86
	EndGlobalSection
	GlobalSection(ProjectConfigurationPlatforms) = postSolution
		{D635B608-8E49-4164-9727-C6ECAAC97469}.Debug|x86.ActiveCfg = Debug|x86
		{D635B608-8E49-4164-9727-C6ECAAC97469}.Debug|x86.Build.0 = Debug|x86
		{D635B608-8E49-4164-9727-C6ECAAC97469}.Release|x86.ActiveCfg = Release|x86
		{D635B608-8E49-4164-9727-C6ECAAC97469}.Release|x86.Build.0 = Release|x86
	EndGlobalSection
	GlobalSection(SolutionProperties) = preSolution
		HideSolutionNode = FALSE
	EndGlobalSection
EndGlobal
